
Microsoft Visual Studio Solution File, Format Version 12.00
# Visual Studio 14
VisualStudioVersion = 14.0.22823.1
MinimumVisualStudioVersion = 10.0.40219.1
Project("{FAE04EC0-301F-11D3-BF4B-00C04F79EFBC}") = "SQLValidator", "SQLValidator\SQLValidator.csproj", "{8FD83879-426F-4337-B7B4-7096E222DE0E}"
EndProject
Project("{FAE04EC0-301F-11D3-BF4B-00C04F79EFBC}") = "Turing", "Turing\Turing.csproj", "{B0B7C47B-DD16-46B2-9E00-EA8031FBFE34}"
EndProject
Project("{2150E333-8FDC-42A3-9474-1A3956D46DE8}") = "Core", "Core", "{1E89E99E-355B-4535-BE24-6B7552B6E563}"
EndProject
Project("{2150E333-8FDC-42A3-9474-1A3956D46DE8}") = "Neteeza", "Neteeza", "{8D4E3DD1-BD2E-43C2-8ED4-FD6FFD291249}"
EndProject
Project("{FAE04EC0-301F-11D3-BF4B-00C04F79EFBC}") = "Netezza", "Netezza\Netezza.csproj", "{DA64721D-C674-4A38-9E06-B4CF885EC85D}"
EndProject
Project("{2150E333-8FDC-42A3-9474-1A3956D46DE8}") = "Compilers", "Compilers", "{E084EE8E-754F-47B4-9E61-22C4D58243DF}"
EndProject
Project("{2150E333-8FDC-42A3-9474-1A3956D46DE8}") = "WebServices", "WebServices", "{23FEDBB7-35A2-4777-B169-4FF14AE9E491}"
EndProject
Project("{FAE04EC0-301F-11D3-BF4B-00C04F79EFBC}") = "NetezzaLexTests", "NetezzaLexTests\NetezzaLexTests.csproj", "{72665F67-36C8-4636-94E8-D8783D780294}"
EndProject
Project("{FAE04EC0-301F-11D3-BF4B-00C04F79EFBC}") = "NetezzaParseTests", "NetezzaParseTests\NetezzaParseTests.csproj", "{1EDE97A2-77F5-4539-B01B-63C4432100A5}"
EndProject
Global
	GlobalSection(SolutionConfigurationPlatforms) = preSolution
		Debug|Any CPU = Debug|Any CPU
		Release|Any CPU = Release|Any CPU
	EndGlobalSection
	GlobalSection(ProjectConfigurationPlatforms) = postSolution
		{8FD83879-426F-4337-B7B4-7096E222DE0E}.Debug|Any CPU.ActiveCfg = Debug|Any CPU
		{8FD83879-426F-4337-B7B4-7096E222DE0E}.Debug|Any CPU.Build.0 = Debug|Any CPU
		{8FD83879-426F-4337-B7B4-7096E222DE0E}.Release|Any CPU.ActiveCfg = Release|Any CPU
		{8FD83879-426F-4337-B7B4-7096E222DE0E}.Release|Any CPU.Build.0 = Release|Any CPU
		{B0B7C47B-DD16-46B2-9E00-EA8031FBFE34}.Debug|Any CPU.ActiveCfg = Debug|Any CPU
		{B0B7C47B-DD16-46B2-9E00-EA8031FBFE34}.Debug|Any CPU.Build.0 = Debug|Any CPU
		{B0B7C47B-DD16-46B2-9E00-EA8031FBFE34}.Release|Any CPU.ActiveCfg = Release|Any CPU
		{B0B7C47B-DD16-46B2-9E00-EA8031FBFE34}.Release|Any CPU.Build.0 = Release|Any CPU
		{DA64721D-C674-4A38-9E06-B4CF885EC85D}.Debug|Any CPU.ActiveCfg = Debug|Any CPU
		{DA64721D-C674-4A38-9E06-B4CF885EC85D}.Debug|Any CPU.Build.0 = Debug|Any CPU
		{DA64721D-C674-4A38-9E06-B4CF885EC85D}.Release|Any CPU.ActiveCfg = Release|Any CPU
		{DA64721D-C674-4A38-9E06-B4CF885EC85D}.Release|Any CPU.Build.0 = Release|Any CPU
		{72665F67-36C8-4636-94E8-D8783D780294}.Debug|Any CPU.ActiveCfg = Debug|Any CPU
		{72665F67-36C8-4636-94E8-D8783D780294}.Debug|Any CPU.Build.0 = Debug|Any CPU
		{72665F67-36C8-4636-94E8-D8783D780294}.Release|Any CPU.ActiveCfg = Release|Any CPU
		{72665F67-36C8-4636-94E8-D8783D780294}.Release|Any CPU.Build.0 = Release|Any CPU
		{1EDE97A2-77F5-4539-B01B-63C4432100A5}.Debug|Any CPU.ActiveCfg = Debug|Any CPU
		{1EDE97A2-77F5-4539-B01B-63C4432100A5}.Debug|Any CPU.Build.0 = Debug|Any CPU
		{1EDE97A2-77F5-4539-B01B-63C4432100A5}.Release|Any CPU.ActiveCfg = Release|Any CPU
		{1EDE97A2-77F5-4539-B01B-63C4432100A5}.Release|Any CPU.Build.0 = Release|Any CPU
	EndGlobalSection
	GlobalSection(SolutionProperties) = preSolution
		HideSolutionNode = FALSE
	EndGlobalSection
	GlobalSection(NestedProjects) = preSolution
		{8FD83879-426F-4337-B7B4-7096E222DE0E} = {23FEDBB7-35A2-4777-B169-4FF14AE9E491}
		{B0B7C47B-DD16-46B2-9E00-EA8031FBFE34} = {1E89E99E-355B-4535-BE24-6B7552B6E563}
		{1E89E99E-355B-4535-BE24-6B7552B6E563} = {E084EE8E-754F-47B4-9E61-22C4D58243DF}
		{8D4E3DD1-BD2E-43C2-8ED4-FD6FFD291249} = {E084EE8E-754F-47B4-9E61-22C4D58243DF}
		{DA64721D-C674-4A38-9E06-B4CF885EC85D} = {8D4E3DD1-BD2E-43C2-8ED4-FD6FFD291249}
		{72665F67-36C8-4636-94E8-D8783D780294} = {8D4E3DD1-BD2E-43C2-8ED4-FD6FFD291249}
		{1EDE97A2-77F5-4539-B01B-63C4432100A5} = {8D4E3DD1-BD2E-43C2-8ED4-FD6FFD291249}
	EndGlobalSection
EndGlobal
